
Microsoft Visual Studio Solution File, Format Version 12.00
# Visual Studio 15
VisualStudioVersion = 15.0.28307.168
MinimumVisualStudioVersion = 10.0.40219.1
Project("{FAE04EC0-301F-11D3-BF4B-00C04F79EFBC}") = "TratamentoDeExcecoes", "TratamentoDeExcecoes1\TratamentoDeExcecoes.csproj", "{FB26F877-2CCF-44D0-A439-52304A69BA79}"
EndProject
Global
	GlobalSection(SolutionConfigurationPlatforms) = preSolution
		Debug|Any CPU = Debug|Any CPU
		Release|Any CPU = Release|Any CPU
	EndGlobalSection
	GlobalSection(ProjectConfigurationPlatforms) = postSolution
		{FB26F877-2CCF-44D0-A439-52304A69BA79}.Debug|Any CPU.ActiveCfg = Debug|Any CPU
		{FB26F877-2CCF-44D0-A439-52304A69BA79}.Debug|Any CPU.Build.0 = Debug|Any CPU
		{FB26F877-2CCF-44D0-A439-52304A69BA79}.Release|Any CPU.ActiveCfg = Release|Any CPU
		{FB26F877-2CCF-44D0-A439-52304A69BA79}.Release|Any CPU.Build.0 = Release|Any CPU
	EndGlobalSection
	GlobalSection(SolutionProperties) = preSolution
		HideSolutionNode = FALSE
	EndGlobalSection
	GlobalSection(ExtensibilityGlobals) = postSolution
		SolutionGuid = {EAFB1AE4-6CEB-4B10-9D89-FB13895FE9CF}
	EndGlobalSection
EndGlobal
